// !$*UTF8*$!
{
	archiveVersion = 1;
	classes = {
	};
	objectVersion = 55;
	objects = {

/* Begin PBXBuildFile section */
		2C0313D9C24CA527C82C96D5 /* Pods_weather_app.framework in Frameworks */ = {isa = PBXBuildFile; fileRef = 098273D8F0BC3E59CB1D5907 /* Pods_weather_app.framework */; };
		EC9A9DBB288881D20076E626 /* AppDelegate.swift in Sources */ = {isa = PBXBuildFile; fileRef = EC9A9DBA288881D20076E626 /* AppDelegate.swift */; };
		EC9A9DC4288881D60076E626 /* Assets.xcassets in Resources */ = {isa = PBXBuildFile; fileRef = EC9A9DC3288881D60076E626 /* Assets.xcassets */; };
		EC9A9DC7288881D60076E626 /* LaunchScreen.storyboard in Resources */ = {isa = PBXBuildFile; fileRef = EC9A9DC5288881D60076E626 /* LaunchScreen.storyboard */; };
		EC9A9DCF288884370076E626 /* Screens.swift in Sources */ = {isa = PBXBuildFile; fileRef = EC9A9DCE288884370076E626 /* Screens.swift */; };
		EC9A9DD2288885C60076E626 /* MainViewController.swift in Sources */ = {isa = PBXBuildFile; fileRef = EC9A9DD1288885C60076E626 /* MainViewController.swift */; };
		EC9A9DD5288888560076E626 /* LaunchViewController.swift in Sources */ = {isa = PBXBuildFile; fileRef = EC9A9DD4288888560076E626 /* LaunchViewController.swift */; };
		ECD7605728BBBD87001391A4 /* UIColor+app.swift in Sources */ = {isa = PBXBuildFile; fileRef = ECD7605628BBBD87001391A4 /* UIColor+app.swift */; };
		ECD7605A28BBC193001391A4 /* HeaderView.swift in Sources */ = {isa = PBXBuildFile; fileRef = ECD7605928BBC193001391A4 /* HeaderView.swift */; };
		ECD7605C28BBC446001391A4 /* InfoHeaderView.swift in Sources */ = {isa = PBXBuildFile; fileRef = ECD7605B28BBC446001391A4 /* InfoHeaderView.swift */; };
		ECD7605E28BBCE58001391A4 /* ValueCollectionViewCell.swift in Sources */ = {isa = PBXBuildFile; fileRef = ECD7605D28BBCE58001391A4 /* ValueCollectionViewCell.swift */; };
		ECD7606028BBEE88001391A4 /* HeaderWeatherInfo.swift in Sources */ = {isa = PBXBuildFile; fileRef = ECD7605F28BBEE88001391A4 /* HeaderWeatherInfo.swift */; };
		ECD7606328BC07A2001391A4 /* OpenWeaterAPI.swift in Sources */ = {isa = PBXBuildFile; fileRef = ECD7606228BC07A2001391A4 /* OpenWeaterAPI.swift */; };
		ECD7606628BC0B5F001391A4 /* WeatherInfoModel.swift in Sources */ = {isa = PBXBuildFile; fileRef = ECD7606528BC0B5F001391A4 /* WeatherInfoModel.swift */; };
/* End PBXBuildFile section */

/* Begin PBXFileReference section */
		06317F2197EB891242984FA5 /* Pods-weather_app.release.xcconfig */ = {isa = PBXFileReference; includeInIndex = 1; lastKnownFileType = text.xcconfig; name = "Pods-weather_app.release.xcconfig"; path = "Target Support Files/Pods-weather_app/Pods-weather_app.release.xcconfig"; sourceTree = "<group>"; };
		098273D8F0BC3E59CB1D5907 /* Pods_weather_app.framework */ = {isa = PBXFileReference; explicitFileType = wrapper.framework; includeInIndex = 0; path = Pods_weather_app.framework; sourceTree = BUILT_PRODUCTS_DIR; };
		32CAAAD81E46D84660135552 /* Pods-weather_app.debug.xcconfig */ = {isa = PBXFileReference; includeInIndex = 1; lastKnownFileType = text.xcconfig; name = "Pods-weather_app.debug.xcconfig"; path = "Target Support Files/Pods-weather_app/Pods-weather_app.debug.xcconfig"; sourceTree = "<group>"; };
		EC9A9DB7288881D20076E626 /* weather_app.app */ = {isa = PBXFileReference; explicitFileType = wrapper.application; includeInIndex = 0; path = weather_app.app; sourceTree = BUILT_PRODUCTS_DIR; };
		EC9A9DBA288881D20076E626 /* AppDelegate.swift */ = {isa = PBXFileReference; lastKnownFileType = sourcecode.swift; path = AppDelegate.swift; sourceTree = "<group>"; };
		EC9A9DC3288881D60076E626 /* Assets.xcassets */ = {isa = PBXFileReference; lastKnownFileType = folder.assetcatalog; path = Assets.xcassets; sourceTree = "<group>"; };
		EC9A9DC6288881D60076E626 /* Base */ = {isa = PBXFileReference; lastKnownFileType = file.storyboard; name = Base; path = Base.lproj/LaunchScreen.storyboard; sourceTree = "<group>"; };
		EC9A9DC8288881D60076E626 /* Info.plist */ = {isa = PBXFileReference; lastKnownFileType = text.plist.xml; path = Info.plist; sourceTree = "<group>"; };
		EC9A9DCE288884370076E626 /* Screens.swift */ = {isa = PBXFileReference; lastKnownFileType = sourcecode.swift; path = Screens.swift; sourceTree = "<group>"; };
		EC9A9DD1288885C60076E626 /* MainViewController.swift */ = {isa = PBXFileReference; lastKnownFileType = sourcecode.swift; path = MainViewController.swift; sourceTree = "<group>"; };
		EC9A9DD4288888560076E626 /* LaunchViewController.swift */ = {isa = PBXFileReference; lastKnownFileType = sourcecode.swift; path = LaunchViewController.swift; sourceTree = "<group>"; };
		ECD7605628BBBD87001391A4 /* UIColor+app.swift */ = {isa = PBXFileReference; lastKnownFileType = sourcecode.swift; path = "UIColor+app.swift"; sourceTree = "<group>"; };
		ECD7605928BBC193001391A4 /* HeaderView.swift */ = {isa = PBXFileReference; lastKnownFileType = sourcecode.swift; path = HeaderView.swift; sourceTree = "<group>"; };
		ECD7605B28BBC446001391A4 /* InfoHeaderView.swift */ = {isa = PBXFileReference; lastKnownFileType = sourcecode.swift; path = InfoHeaderView.swift; sourceTree = "<group>"; };
		ECD7605D28BBCE58001391A4 /* ValueCollectionViewCell.swift */ = {isa = PBXFileReference; lastKnownFileType = sourcecode.swift; path = ValueCollectionViewCell.swift; sourceTree = "<group>"; };
		ECD7605F28BBEE88001391A4 /* HeaderWeatherInfo.swift */ = {isa = PBXFileReference; lastKnownFileType = sourcecode.swift; path = HeaderWeatherInfo.swift; sourceTree = "<group>"; };
		ECD7606228BC07A2001391A4 /* OpenWeaterAPI.swift */ = {isa = PBXFileReference; lastKnownFileType = sourcecode.swift; path = OpenWeaterAPI.swift; sourceTree = "<group>"; };
		ECD7606528BC0B5F001391A4 /* WeatherInfoModel.swift */ = {isa = PBXFileReference; lastKnownFileType = sourcecode.swift; path = WeatherInfoModel.swift; sourceTree = "<group>"; };
/* End PBXFileReference section */

/* Begin PBXFrameworksBuildPhase section */
		EC9A9DB4288881D20076E626 /* Frameworks */ = {
			isa = PBXFrameworksBuildPhase;
			buildActionMask = 2147483647;
			files = (
				2C0313D9C24CA527C82C96D5 /* Pods_weather_app.framework in Frameworks */,
			);
			runOnlyForDeploymentPostprocessing = 0;
		};
/* End PBXFrameworksBuildPhase section */

/* Begin PBXGroup section */
		78B240620455325178890F69 /* Frameworks */ = {
			isa = PBXGroup;
			children = (
				098273D8F0BC3E59CB1D5907 /* Pods_weather_app.framework */,
			);
			name = Frameworks;
			sourceTree = "<group>";
		};
		84B313866364ADE01E89D4BC /* Pods */ = {
			isa = PBXGroup;
			children = (
				32CAAAD81E46D84660135552 /* Pods-weather_app.debug.xcconfig */,
				06317F2197EB891242984FA5 /* Pods-weather_app.release.xcconfig */,
			);
			path = Pods;
			sourceTree = "<group>";
		};
		EC9A9DAE288881D20076E626 = {
			isa = PBXGroup;
			children = (
				EC9A9DB9288881D20076E626 /* weather_app */,
				EC9A9DB8288881D20076E626 /* Products */,
				84B313866364ADE01E89D4BC /* Pods */,
				78B240620455325178890F69 /* Frameworks */,
			);
			sourceTree = "<group>";
		};
		EC9A9DB8288881D20076E626 /* Products */ = {
			isa = PBXGroup;
			children = (
				EC9A9DB7288881D20076E626 /* weather_app.app */,
			);
			name = Products;
			sourceTree = "<group>";
		};
		EC9A9DB9288881D20076E626 /* weather_app */ = {
			isa = PBXGroup;
			children = (
				EC9A9DBA288881D20076E626 /* AppDelegate.swift */,
				EC9A9DCE288884370076E626 /* Screens.swift */,
				EC9A9DD32888883C0076E626 /* Launch */,
				EC9A9DD0288885700076E626 /* Main */,
				ECD7605528BBBD36001391A4 /* Extensions */,
				ECD7606128BC0777001391A4 /* API */,
				ECD7606428BC0B4B001391A4 /* Models */,
				EC9A9DC3288881D60076E626 /* Assets.xcassets */,
				EC9A9DC5288881D60076E626 /* LaunchScreen.storyboard */,
				EC9A9DC8288881D60076E626 /* Info.plist */,
			);
			path = weather_app;
			sourceTree = "<group>";
		};
		EC9A9DD0288885700076E626 /* Main */ = {
			isa = PBXGroup;
			children = (
				EC9A9DD1288885C60076E626 /* MainViewController.swift */,
				ECD7605828BBC17E001391A4 /* HeaderView */,
				ECD7606728BC0E40001391A4 /* HourlyInfoView */,
				ECD7606828BC0E69001391A4 /* WeekInfoView */,
			);
			path = Main;
			sourceTree = "<group>";
		};
		EC9A9DD32888883C0076E626 /* Launch */ = {
			isa = PBXGroup;
			children = (
				EC9A9DD4288888560076E626 /* LaunchViewController.swift */,
			);
			path = Launch;
			sourceTree = "<group>";
		};
		ECD7605528BBBD36001391A4 /* Extensions */ = {
			isa = PBXGroup;
			children = (
				ECD7605628BBBD87001391A4 /* UIColor+app.swift */,
			);
			path = Extensions;
			sourceTree = "<group>";
		};
		ECD7605828BBC17E001391A4 /* HeaderView */ = {
			isa = PBXGroup;
			children = (
				ECD7606928BC0EBC001391A4 /* Model */,
				ECD7605928BBC193001391A4 /* HeaderView.swift */,
				ECD7605B28BBC446001391A4 /* InfoHeaderView.swift */,
				ECD7605D28BBCE58001391A4 /* ValueCollectionViewCell.swift */,
			);
			path = HeaderView;
			sourceTree = "<group>";
		};
		ECD7606128BC0777001391A4 /* API */ = {
			isa = PBXGroup;
			children = (
				ECD7606228BC07A2001391A4 /* OpenWeaterAPI.swift */,
			);
			path = API;
			sourceTree = "<group>";
		};
		ECD7606428BC0B4B001391A4 /* Models */ = {
			isa = PBXGroup;
			children = (
				ECD7606528BC0B5F001391A4 /* WeatherInfoModel.swift */,
			);
			path = Models;
			sourceTree = "<group>";
		};
		ECD7606728BC0E40001391A4 /* HourlyInfoView */ = {
			isa = PBXGroup;
			children = (
			);
			path = HourlyInfoView;
			sourceTree = "<group>";
		};
		ECD7606828BC0E69001391A4 /* WeekInfoView */ = {
			isa = PBXGroup;
			children = (
			);
			path = WeekInfoView;
			sourceTree = "<group>";
		};
		ECD7606928BC0EBC001391A4 /* Model */ = {
			isa = PBXGroup;
			children = (
				ECD7605F28BBEE88001391A4 /* HeaderWeatherInfo.swift */,
			);
			path = Model;
			sourceTree = "<group>";
		};
/* End PBXGroup section */

/* Begin PBXNativeTarget section */
		EC9A9DB6288881D20076E626 /* weather_app */ = {
			isa = PBXNativeTarget;
			buildConfigurationList = EC9A9DCB288881D60076E626 /* Build configuration list for PBXNativeTarget "weather_app" */;
			buildPhases = (
				973F2AA78A2D8CCD8ECBBD34 /* [CP] Check Pods Manifest.lock */,
				EC9A9DB3288881D20076E626 /* Sources */,
				EC9A9DB4288881D20076E626 /* Frameworks */,
				EC9A9DB5288881D20076E626 /* Resources */,
				B88718CE392A044CE1EBE507 /* [CP] Embed Pods Frameworks */,
			);
			buildRules = (
			);
			dependencies = (
			);
			name = weather_app;
			productName = weather_app;
			productReference = EC9A9DB7288881D20076E626 /* weather_app.app */;
			productType = "com.apple.product-type.application";
		};
/* End PBXNativeTarget section */

/* Begin PBXProject section */
		EC9A9DAF288881D20076E626 /* Project object */ = {
			isa = PBXProject;
			attributes = {
				BuildIndependentTargetsInParallel = 1;
				LastSwiftUpdateCheck = 1340;
				LastUpgradeCheck = 1340;
				TargetAttributes = {
					EC9A9DB6288881D20076E626 = {
						CreatedOnToolsVersion = 13.4;
					};
				};
			};
			buildConfigurationList = EC9A9DB2288881D20076E626 /* Build configuration list for PBXProject "weather_app" */;
			compatibilityVersion = "Xcode 13.0";
			developmentRegion = en;
			hasScannedForEncodings = 0;
			knownRegions = (
				en,
				Base,
			);
			mainGroup = EC9A9DAE288881D20076E626;
			productRefGroup = EC9A9DB8288881D20076E626 /* Products */;
			projectDirPath = "";
			projectRoot = "";
			targets = (
				EC9A9DB6288881D20076E626 /* weather_app */,
			);
		};
/* End PBXProject section */

/* Begin PBXResourcesBuildPhase section */
		EC9A9DB5288881D20076E626 /* Resources */ = {
			isa = PBXResourcesBuildPhase;
			buildActionMask = 2147483647;
			files = (
				EC9A9DC7288881D60076E626 /* LaunchScreen.storyboard in Resources */,
				EC9A9DC4288881D60076E626 /* Assets.xcassets in Resources */,
			);
			runOnlyForDeploymentPostprocessing = 0;
		};
/* End PBXResourcesBuildPhase section */

/* Begin PBXShellScriptBuildPhase section */
		973F2AA78A2D8CCD8ECBBD34 /* [CP] Check Pods Manifest.lock */ = {
			isa = PBXShellScriptBuildPhase;
			buildActionMask = 2147483647;
			files = (
			);
			inputFileListPaths = (
			);
			inputPaths = (
				"${PODS_PODFILE_DIR_PATH}/Podfile.lock",
				"${PODS_ROOT}/Manifest.lock",
			);
			name = "[CP] Check Pods Manifest.lock";
			outputFileListPaths = (
			);
			outputPaths = (
				"$(DERIVED_FILE_DIR)/Pods-weather_app-checkManifestLockResult.txt",
			);
			runOnlyForDeploymentPostprocessing = 0;
			shellPath = /bin/sh;
			shellScript = "diff \"${PODS_PODFILE_DIR_PATH}/Podfile.lock\" \"${PODS_ROOT}/Manifest.lock\" > /dev/null\nif [ $? != 0 ] ; then\n    # print error to STDERR\n    echo \"error: The sandbox is not in sync with the Podfile.lock. Run 'pod install' or update your CocoaPods installation.\" >&2\n    exit 1\nfi\n# This output is used by Xcode 'outputs' to avoid re-running this script phase.\necho \"SUCCESS\" > \"${SCRIPT_OUTPUT_FILE_0}\"\n";
			showEnvVarsInLog = 0;
		};
		B88718CE392A044CE1EBE507 /* [CP] Embed Pods Frameworks */ = {
			isa = PBXShellScriptBuildPhase;
			buildActionMask = 2147483647;
			files = (
			);
			inputFileListPaths = (
				"${PODS_ROOT}/Target Support Files/Pods-weather_app/Pods-weather_app-frameworks-${CONFIGURATION}-input-files.xcfilelist",
			);
			name = "[CP] Embed Pods Frameworks";
			outputFileListPaths = (
				"${PODS_ROOT}/Target Support Files/Pods-weather_app/Pods-weather_app-frameworks-${CONFIGURATION}-output-files.xcfilelist",
			);
			runOnlyForDeploymentPostprocessing = 0;
			shellPath = /bin/sh;
			shellScript = "\"${PODS_ROOT}/Target Support Files/Pods-weather_app/Pods-weather_app-frameworks.sh\"\n";
			showEnvVarsInLog = 0;
		};
/* End PBXShellScriptBuildPhase section */

/* Begin PBXSourcesBuildPhase section */
		EC9A9DB3288881D20076E626 /* Sources */ = {
			isa = PBXSourcesBuildPhase;
			buildActionMask = 2147483647;
			files = (
				EC9A9DD2288885C60076E626 /* MainViewController.swift in Sources */,
				ECD7605A28BBC193001391A4 /* HeaderView.swift in Sources */,
				ECD7605E28BBCE58001391A4 /* ValueCollectionViewCell.swift in Sources */,
				EC9A9DCF288884370076E626 /* Screens.swift in Sources */,
				ECD7606628BC0B5F001391A4 /* WeatherInfoModel.swift in Sources */,
				ECD7605C28BBC446001391A4 /* InfoHeaderView.swift in Sources */,
				EC9A9DBB288881D20076E626 /* AppDelegate.swift in Sources */,
				EC9A9DD5288888560076E626 /* LaunchViewController.swift in Sources */,
				ECD7605728BBBD87001391A4 /* UIColor+app.swift in Sources */,
				ECD7606328BC07A2001391A4 /* OpenWeaterAPI.swift in Sources */,
				ECD7606028BBEE88001391A4 /* HeaderWeatherInfo.swift in Sources */,
			);
			runOnlyForDeploymentPostprocessing = 0;
		};
/* End PBXSourcesBuildPhase section */

/* Begin PBXVariantGroup section */
		EC9A9DC5288881D60076E626 /* LaunchScreen.storyboard */ = {
			isa = PBXVariantGroup;
			children = (
				EC9A9DC6288881D60076E626 /* Base */,
			);
			name = LaunchScreen.storyboard;
			sourceTree = "<group>";
		};
/* End PBXVariantGroup section */

/* Begin XCBuildConfiguration section */
		EC9A9DC9288881D60076E626 /* Debug */ = {
			isa = XCBuildConfiguration;
			buildSettings = {
				ALWAYS_SEARCH_USER_PATHS = NO;
				CLANG_ANALYZER_NONNULL = YES;
				CLANG_ANALYZER_NUMBER_OBJECT_CONVERSION = YES_AGGRESSIVE;
				CLANG_CXX_LANGUAGE_STANDARD = "gnu++17";
				CLANG_ENABLE_MODULES = YES;
				CLANG_ENABLE_OBJC_ARC = YES;
				CLANG_ENABLE_OBJC_WEAK = YES;
				CLANG_WARN_BLOCK_CAPTURE_AUTORELEASING = YES;
				CLANG_WARN_BOOL_CONVERSION = YES;
				CLANG_WARN_COMMA = YES;
				CLANG_WARN_CONSTANT_CONVERSION = YES;
				CLANG_WARN_DEPRECATED_OBJC_IMPLEMENTATIONS = YES;
				CLANG_WARN_DIRECT_OBJC_ISA_USAGE = YES_ERROR;
				CLANG_WARN_DOCUMENTATION_COMMENTS = YES;
				CLANG_WARN_EMPTY_BODY = YES;
				CLANG_WARN_ENUM_CONVERSION = YES;
				CLANG_WARN_INFINITE_RECURSION = YES;
				CLANG_WARN_INT_CONVERSION = YES;
				CLANG_WARN_NON_LITERAL_NULL_CONVERSION = YES;
				CLANG_WARN_OBJC_IMPLICIT_RETAIN_SELF = YES;
				CLANG_WARN_OBJC_LITERAL_CONVERSION = YES;
				CLANG_WARN_OBJC_ROOT_CLASS = YES_ERROR;
				CLANG_WARN_QUOTED_INCLUDE_IN_FRAMEWORK_HEADER = YES;
				CLANG_WARN_RANGE_LOOP_ANALYSIS = YES;
				CLANG_WARN_STRICT_PROTOTYPES = YES;
				CLANG_WARN_SUSPICIOUS_MOVE = YES;
				CLANG_WARN_UNGUARDED_AVAILABILITY = YES_AGGRESSIVE;
				CLANG_WARN_UNREACHABLE_CODE = YES;
				CLANG_WARN__DUPLICATE_METHOD_MATCH = YES;
				COPY_PHASE_STRIP = NO;
				DEBUG_INFORMATION_FORMAT = dwarf;
				ENABLE_STRICT_OBJC_MSGSEND = YES;
				ENABLE_TESTABILITY = YES;
				GCC_C_LANGUAGE_STANDARD = gnu11;
				GCC_DYNAMIC_NO_PIC = NO;
				GCC_NO_COMMON_BLOCKS = YES;
				GCC_OPTIMIZATION_LEVEL = 0;
				GCC_PREPROCESSOR_DEFINITIONS = (
					"DEBUG=1",
					"$(inherited)",
				);
				GCC_WARN_64_TO_32_BIT_CONVERSION = YES;
				GCC_WARN_ABOUT_RETURN_TYPE = YES_ERROR;
				GCC_WARN_UNDECLARED_SELECTOR = YES;
				GCC_WARN_UNINITIALIZED_AUTOS = YES_AGGRESSIVE;
				GCC_WARN_UNUSED_FUNCTION = YES;
				GCC_WARN_UNUSED_VARIABLE = YES;
				IPHONEOS_DEPLOYMENT_TARGET = 15.5;
				MTL_ENABLE_DEBUG_INFO = INCLUDE_SOURCE;
				MTL_FAST_MATH = YES;
				ONLY_ACTIVE_ARCH = YES;
				SDKROOT = iphoneos;
				SWIFT_ACTIVE_COMPILATION_CONDITIONS = DEBUG;
				SWIFT_OPTIMIZATION_LEVEL = "-Onone";
			};
			name = Debug;
		};
		EC9A9DCA288881D60076E626 /* Release */ = {
			isa = XCBuildConfiguration;
			buildSettings = {
				ALWAYS_SEARCH_USER_PATHS = NO;
				CLANG_ANALYZER_NONNULL = YES;
				CLANG_ANALYZER_NUMBER_OBJECT_CONVERSION = YES_AGGRESSIVE;
				CLANG_CXX_LANGUAGE_STANDARD = "gnu++17";
				CLANG_ENABLE_MODULES = YES;
				CLANG_ENABLE_OBJC_ARC = YES;
				CLANG_ENABLE_OBJC_WEAK = YES;
				CLANG_WARN_BLOCK_CAPTURE_AUTORELEASING = YES;
				CLANG_WARN_BOOL_CONVERSION = YES;
				CLANG_WARN_COMMA = YES;
				CLANG_WARN_CONSTANT_CONVERSION = YES;
				CLANG_WARN_DEPRECATED_OBJC_IMPLEMENTATIONS = YES;
				CLANG_WARN_DIRECT_OBJC_ISA_USAGE = YES_ERROR;
				CLANG_WARN_DOCUMENTATION_COMMENTS = YES;
				CLANG_WARN_EMPTY_BODY = YES;
				CLANG_WARN_ENUM_CONVERSION = YES;
				CLANG_WARN_INFINITE_RECURSION = YES;
				CLANG_WARN_INT_CONVERSION = YES;
				CLANG_WARN_NON_LITERAL_NULL_CONVERSION = YES;
				CLANG_WARN_OBJC_IMPLICIT_RETAIN_SELF = YES;
				CLANG_WARN_OBJC_LITERAL_CONVERSION = YES;
				CLANG_WARN_OBJC_ROOT_CLASS = YES_ERROR;
				CLANG_WARN_QUOTED_INCLUDE_IN_FRAMEWORK_HEADER = YES;
				CLANG_WARN_RANGE_LOOP_ANALYSIS = YES;
				CLANG_WARN_STRICT_PROTOTYPES = YES;
				CLANG_WARN_SUSPICIOUS_MOVE = YES;
				CLANG_WARN_UNGUARDED_AVAILABILITY = YES_AGGRESSIVE;
				CLANG_WARN_UNREACHABLE_CODE = YES;
				CLANG_WARN__DUPLICATE_METHOD_MATCH = YES;
				COPY_PHASE_STRIP = NO;
				DEBUG_INFORMATION_FORMAT = "dwarf-with-dsym";
				ENABLE_NS_ASSERTIONS = NO;
				ENABLE_STRICT_OBJC_MSGSEND = YES;
				GCC_C_LANGUAGE_STANDARD = gnu11;
				GCC_NO_COMMON_BLOCKS = YES;
				GCC_WARN_64_TO_32_BIT_CONVERSION = YES;
				GCC_WARN_ABOUT_RETURN_TYPE = YES_ERROR;
				GCC_WARN_UNDECLARED_SELECTOR = YES;
				GCC_WARN_UNINITIALIZED_AUTOS = YES_AGGRESSIVE;
				GCC_WARN_UNUSED_FUNCTION = YES;
				GCC_WARN_UNUSED_VARIABLE = YES;
				IPHONEOS_DEPLOYMENT_TARGET = 15.5;
				MTL_ENABLE_DEBUG_INFO = NO;
				MTL_FAST_MATH = YES;
				SDKROOT = iphoneos;
				SWIFT_COMPILATION_MODE = wholemodule;
				SWIFT_OPTIMIZATION_LEVEL = "-O";
				VALIDATE_PRODUCT = YES;
			};
			name = Release;
		};
		EC9A9DCC288881D60076E626 /* Debug */ = {
			isa = XCBuildConfiguration;
			baseConfigurationReference = 32CAAAD81E46D84660135552 /* Pods-weather_app.debug.xcconfig */;
			buildSettings = {
				ASSETCATALOG_COMPILER_APPICON_NAME = AppIcon;
				ASSETCATALOG_COMPILER_GLOBAL_ACCENT_COLOR_NAME = AccentColor;
				CODE_SIGN_STYLE = Automatic;
				CURRENT_PROJECT_VERSION = 1;
				GENERATE_INFOPLIST_FILE = YES;
				INFOPLIST_FILE = weather_app/Info.plist;
				INFOPLIST_KEY_UIApplicationSupportsIndirectInputEvents = YES;
				INFOPLIST_KEY_UILaunchStoryboardName = LaunchScreen;
				INFOPLIST_KEY_UISupportedInterfaceOrientations_iPad = "UIInterfaceOrientationPortrait UIInterfaceOrientationPortraitUpsideDown UIInterfaceOrientationLandscapeLeft UIInterfaceOrientationLandscapeRight";
				INFOPLIST_KEY_UISupportedInterfaceOrientations_iPhone = "UIInterfaceOrientationPortrait UIInterfaceOrientationLandscapeLeft UIInterfaceOrientationLandscapeRight";
				IPHONEOS_DEPLOYMENT_TARGET = 11.0;
				LD_RUNPATH_SEARCH_PATHS = (
					"$(inherited)",
					"@executable_path/Frameworks",
				);
				MARKETING_VERSION = 1.0;
				PRODUCT_BUNDLE_IDENTIFIER = "something.weather-app";
				PRODUCT_NAME = "$(TARGET_NAME)";
				SWIFT_EMIT_LOC_STRINGS = YES;
				SWIFT_VERSION = 5.0;
				TARGETED_DEVICE_FAMILY = "1,2";
			};
			name = Debug;
		};
		EC9A9DCD288881D60076E626 /* Release */ = {
			isa = XCBuildConfiguration;
			baseConfigurationReference = 06317F2197EB891242984FA5 /* Pods-weather_app.release.xcconfig */;
			buildSettings = {
				ASSETCATALOG_COMPILER_APPICON_NAME = AppIcon;
				ASSETCATALOG_COMPILER_GLOBAL_ACCENT_COLOR_NAME = AccentColor;
				CODE_SIGN_STYLE = Automatic;
				CURRENT_PROJECT_VERSION = 1;
				GENERATE_INFOPLIST_FILE = YES;
				INFOPLIST_FILE = weather_app/Info.plist;
				INFOPLIST_KEY_UIApplicationSupportsIndirectInputEvents = YES;
				INFOPLIST_KEY_UILaunchStoryboardName = LaunchScreen;
				INFOPLIST_KEY_UISupportedInterfaceOrientations_iPad = "UIInterfaceOrientationPortrait UIInterfaceOrientationPortraitUpsideDown UIInterfaceOrientationLandscapeLeft UIInterfaceOrientationLandscapeRight";
				INFOPLIST_KEY_UISupportedInterfaceOrientations_iPhone = "UIInterfaceOrientationPortrait UIInterfaceOrientationLandscapeLeft UIInterfaceOrientationLandscapeRight";
				IPHONEOS_DEPLOYMENT_TARGET = 11.0;
				LD_RUNPATH_SEARCH_PATHS = (
					"$(inherited)",
					"@executable_path/Frameworks",
				);
				MARKETING_VERSION = 1.0;
				PRODUCT_BUNDLE_IDENTIFIER = "something.weather-app";
				PRODUCT_NAME = "$(TARGET_NAME)";
				SWIFT_EMIT_LOC_STRINGS = YES;
				SWIFT_VERSION = 5.0;
				TARGETED_DEVICE_FAMILY = "1,2";
			};
			name = Release;
		};
/* End XCBuildConfiguration section */

/* Begin XCConfigurationList section */
		EC9A9DB2288881D20076E626 /* Build configuration list for PBXProject "weather_app" */ = {
			isa = XCConfigurationList;
			buildConfigurations = (
				EC9A9DC9288881D60076E626 /* Debug */,
				EC9A9DCA288881D60076E626 /* Release */,
			);
			defaultConfigurationIsVisible = 0;
			defaultConfigurationName = Release;
		};
		EC9A9DCB288881D60076E626 /* Build configuration list for PBXNativeTarget "weather_app" */ = {
			isa = XCConfigurationList;
			buildConfigurations = (
				EC9A9DCC288881D60076E626 /* Debug */,
				EC9A9DCD288881D60076E626 /* Release */,
			);
			defaultConfigurationIsVisible = 0;
			defaultConfigurationName = Release;
		};
/* End XCConfigurationList section */
	};
	rootObject = EC9A9DAF288881D20076E626 /* Project object */;
}
