// !$*UTF8*$!
{
	archiveVersion = 1;
	classes = {
	};
	objectVersion = 51;
	objects = {

/* Begin PBXBuildFile section */
		4BF5FBE3C1FF1BCB01DCCEDA /* Pods_my_test_app.framework in Frameworks */ = {isa = PBXBuildFile; fileRef = 1E5D6DE58D42806D6D43B77F /* Pods_my_test_app.framework */; };
		ECE4372E2631F1DC00FB2CEB /* AppDelegate.swift in Sources */ = {isa = PBXBuildFile; fileRef = ECE4372D2631F1DC00FB2CEB /* AppDelegate.swift */; };
		ECE437372631F1DD00FB2CEB /* Assets.xcassets in Resources */ = {isa = PBXBuildFile; fileRef = ECE437362631F1DD00FB2CEB /* Assets.xcassets */; };
		ECE4373A2631F1DD00FB2CEB /* LaunchScreen.storyboard in Resources */ = {isa = PBXBuildFile; fileRef = ECE437382631F1DD00FB2CEB /* LaunchScreen.storyboard */; };
		ECE4374F2631F47B00FB2CEB /* Screens.swift in Sources */ = {isa = PBXBuildFile; fileRef = ECE4374E2631F47B00FB2CEB /* Screens.swift */; };
		ECE437562631F51000FB2CEB /* ViewModel.swift in Sources */ = {isa = PBXBuildFile; fileRef = ECE437552631F51000FB2CEB /* ViewModel.swift */; };
		ECE4375A2631F52300FB2CEB /* ViewController.swift in Sources */ = {isa = PBXBuildFile; fileRef = ECE437592631F52300FB2CEB /* ViewController.swift */; };
		ECE437642631F6F600FB2CEB /* MainViewModel.swift in Sources */ = {isa = PBXBuildFile; fileRef = ECE437632631F6F600FB2CEB /* MainViewModel.swift */; };
		ECE437682631F71000FB2CEB /* MainViewController.swift in Sources */ = {isa = PBXBuildFile; fileRef = ECE437672631F71000FB2CEB /* MainViewController.swift */; };
		ECE4376F2631F86D00FB2CEB /* DetailViewModel.swift in Sources */ = {isa = PBXBuildFile; fileRef = ECE4376E2631F86D00FB2CEB /* DetailViewModel.swift */; };
		ECE437732631F88D00FB2CEB /* DetailViewController.swift in Sources */ = {isa = PBXBuildFile; fileRef = ECE437722631F88D00FB2CEB /* DetailViewController.swift */; };
/* End PBXBuildFile section */

/* Begin PBXFileReference section */
		1E5D6DE58D42806D6D43B77F /* Pods_my_test_app.framework */ = {isa = PBXFileReference; explicitFileType = wrapper.framework; includeInIndex = 0; path = Pods_my_test_app.framework; sourceTree = BUILT_PRODUCTS_DIR; };
		37AA0EF9F3861310930BEE6A /* Pods-my-test-app.release.xcconfig */ = {isa = PBXFileReference; includeInIndex = 1; lastKnownFileType = text.xcconfig; name = "Pods-my-test-app.release.xcconfig"; path = "Target Support Files/Pods-my-test-app/Pods-my-test-app.release.xcconfig"; sourceTree = "<group>"; };
		A24780D7A258AD78783736AC /* Pods-my-test-app.debug.xcconfig */ = {isa = PBXFileReference; includeInIndex = 1; lastKnownFileType = text.xcconfig; name = "Pods-my-test-app.debug.xcconfig"; path = "Target Support Files/Pods-my-test-app/Pods-my-test-app.debug.xcconfig"; sourceTree = "<group>"; };
		ECE4372A2631F1DC00FB2CEB /* my-test-app.app */ = {isa = PBXFileReference; explicitFileType = wrapper.application; includeInIndex = 0; path = "my-test-app.app"; sourceTree = BUILT_PRODUCTS_DIR; };
		ECE4372D2631F1DC00FB2CEB /* AppDelegate.swift */ = {isa = PBXFileReference; lastKnownFileType = sourcecode.swift; path = AppDelegate.swift; sourceTree = "<group>"; };
		ECE437362631F1DD00FB2CEB /* Assets.xcassets */ = {isa = PBXFileReference; lastKnownFileType = folder.assetcatalog; path = Assets.xcassets; sourceTree = "<group>"; };
		ECE437392631F1DD00FB2CEB /* Base */ = {isa = PBXFileReference; lastKnownFileType = file.storyboard; name = Base; path = Base.lproj/LaunchScreen.storyboard; sourceTree = "<group>"; };
		ECE4373B2631F1DD00FB2CEB /* Info.plist */ = {isa = PBXFileReference; lastKnownFileType = text.plist.xml; path = Info.plist; sourceTree = "<group>"; };
		ECE4374E2631F47B00FB2CEB /* Screens.swift */ = {isa = PBXFileReference; lastKnownFileType = sourcecode.swift; path = Screens.swift; sourceTree = "<group>"; };
		ECE437552631F51000FB2CEB /* ViewModel.swift */ = {isa = PBXFileReference; lastKnownFileType = sourcecode.swift; path = ViewModel.swift; sourceTree = "<group>"; };
		ECE437592631F52300FB2CEB /* ViewController.swift */ = {isa = PBXFileReference; lastKnownFileType = sourcecode.swift; path = ViewController.swift; sourceTree = "<group>"; };
		ECE437632631F6F600FB2CEB /* MainViewModel.swift */ = {isa = PBXFileReference; lastKnownFileType = sourcecode.swift; path = MainViewModel.swift; sourceTree = "<group>"; };
		ECE437672631F71000FB2CEB /* MainViewController.swift */ = {isa = PBXFileReference; lastKnownFileType = sourcecode.swift; path = MainViewController.swift; sourceTree = "<group>"; };
		ECE4376E2631F86D00FB2CEB /* DetailViewModel.swift */ = {isa = PBXFileReference; lastKnownFileType = sourcecode.swift; path = DetailViewModel.swift; sourceTree = "<group>"; };
		ECE437722631F88D00FB2CEB /* DetailViewController.swift */ = {isa = PBXFileReference; lastKnownFileType = sourcecode.swift; path = DetailViewController.swift; sourceTree = "<group>"; };
/* End PBXFileReference section */

/* Begin PBXFrameworksBuildPhase section */
		ECE437272631F1DC00FB2CEB /* Frameworks */ = {
			isa = PBXFrameworksBuildPhase;
			buildActionMask = 2147483647;
			files = (
				4BF5FBE3C1FF1BCB01DCCEDA /* Pods_my_test_app.framework in Frameworks */,
			);
			runOnlyForDeploymentPostprocessing = 0;
		};
/* End PBXFrameworksBuildPhase section */

/* Begin PBXGroup section */
		7A64E6A5B20B938212310AFF /* Frameworks */ = {
			isa = PBXGroup;
			children = (
				1E5D6DE58D42806D6D43B77F /* Pods_my_test_app.framework */,
			);
			name = Frameworks;
			sourceTree = "<group>";
		};
		E6BA44A135D6BC342D4C16F2 /* Pods */ = {
			isa = PBXGroup;
			children = (
				A24780D7A258AD78783736AC /* Pods-my-test-app.debug.xcconfig */,
				37AA0EF9F3861310930BEE6A /* Pods-my-test-app.release.xcconfig */,
			);
			path = Pods;
			sourceTree = "<group>";
		};
		ECE437212631F1DC00FB2CEB = {
			isa = PBXGroup;
			children = (
				ECE4372C2631F1DC00FB2CEB /* my-test-app */,
				ECE4372B2631F1DC00FB2CEB /* Products */,
				E6BA44A135D6BC342D4C16F2 /* Pods */,
				7A64E6A5B20B938212310AFF /* Frameworks */,
			);
			sourceTree = "<group>";
		};
		ECE4372B2631F1DC00FB2CEB /* Products */ = {
			isa = PBXGroup;
			children = (
				ECE4372A2631F1DC00FB2CEB /* my-test-app.app */,
			);
			name = Products;
			sourceTree = "<group>";
		};
		ECE4372C2631F1DC00FB2CEB /* my-test-app */ = {
			isa = PBXGroup;
			children = (
				ECE4372D2631F1DC00FB2CEB /* AppDelegate.swift */,
				ECE437532631F4D500FB2CEB /* Base */,
				ECE437612631F6BD00FB2CEB /* Modules */,
				ECE4374D2631F45A00FB2CEB /* Screens */,
				ECE4375E2631F62D00FB2CEB /* Resource */,
			);
			path = "my-test-app";
			sourceTree = "<group>";
		};
		ECE4374D2631F45A00FB2CEB /* Screens */ = {
			isa = PBXGroup;
			children = (
				ECE4374E2631F47B00FB2CEB /* Screens.swift */,
			);
			path = Screens;
			sourceTree = "<group>";
		};
		ECE437532631F4D500FB2CEB /* Base */ = {
			isa = PBXGroup;
			children = (
				ECE437542631F4E300FB2CEB /* MVVM */,
			);
			path = Base;
			sourceTree = "<group>";
		};
		ECE437542631F4E300FB2CEB /* MVVM */ = {
			isa = PBXGroup;
			children = (
				ECE437592631F52300FB2CEB /* ViewController.swift */,
				ECE437552631F51000FB2CEB /* ViewModel.swift */,
			);
			path = MVVM;
			sourceTree = "<group>";
		};
		ECE4375E2631F62D00FB2CEB /* Resource */ = {
			isa = PBXGroup;
			children = (
				ECE437362631F1DD00FB2CEB /* Assets.xcassets */,
				ECE437382631F1DD00FB2CEB /* LaunchScreen.storyboard */,
				ECE4373B2631F1DD00FB2CEB /* Info.plist */,
			);
			path = Resource;
			sourceTree = "<group>";
		};
		ECE437612631F6BD00FB2CEB /* Modules */ = {
			isa = PBXGroup;
			children = (
				ECE4376D2631F85100FB2CEB /* Detail */,
				ECE437622631F6D900FB2CEB /* Main */,
			);
			path = Modules;
			sourceTree = "<group>";
		};
		ECE437622631F6D900FB2CEB /* Main */ = {
			isa = PBXGroup;
			children = (
				ECE437672631F71000FB2CEB /* MainViewController.swift */,
				ECE437632631F6F600FB2CEB /* MainViewModel.swift */,
			);
			path = Main;
			sourceTree = "<group>";
		};
		ECE4376D2631F85100FB2CEB /* Detail */ = {
			isa = PBXGroup;
			children = (
				ECE4376E2631F86D00FB2CEB /* DetailViewModel.swift */,
				ECE437722631F88D00FB2CEB /* DetailViewController.swift */,
			);
			path = Detail;
			sourceTree = "<group>";
		};
/* End PBXGroup section */

/* Begin PBXNativeTarget section */
		ECE437292631F1DC00FB2CEB /* my-test-app */ = {
			isa = PBXNativeTarget;
			buildConfigurationList = ECE4373E2631F1DD00FB2CEB /* Build configuration list for PBXNativeTarget "my-test-app" */;
			buildPhases = (
				00B6FB568C7F39CFA5477A0F /* [CP] Check Pods Manifest.lock */,
				ECE437262631F1DC00FB2CEB /* Sources */,
				ECE437272631F1DC00FB2CEB /* Frameworks */,
				ECE437282631F1DC00FB2CEB /* Resources */,
				5B1F84405EB212F616C80E27 /* [CP] Embed Pods Frameworks */,
			);
			buildRules = (
			);
			dependencies = (
			);
			name = "my-test-app";
			productName = "my-test-app";
			productReference = ECE4372A2631F1DC00FB2CEB /* my-test-app.app */;
			productType = "com.apple.product-type.application";
		};
/* End PBXNativeTarget section */

/* Begin PBXProject section */
		ECE437222631F1DC00FB2CEB /* Project object */ = {
			isa = PBXProject;
			attributes = {
				LastSwiftUpdateCheck = 1240;
				LastUpgradeCheck = 1240;
				TargetAttributes = {
					ECE437292631F1DC00FB2CEB = {
						CreatedOnToolsVersion = 12.4;
					};
				};
			};
			buildConfigurationList = ECE437252631F1DC00FB2CEB /* Build configuration list for PBXProject "my-test-app" */;
			compatibilityVersion = "Xcode 9.3";
			developmentRegion = en;
			hasScannedForEncodings = 0;
			knownRegions = (
				en,
				Base,
			);
			mainGroup = ECE437212631F1DC00FB2CEB;
			productRefGroup = ECE4372B2631F1DC00FB2CEB /* Products */;
			projectDirPath = "";
			projectRoot = "";
			targets = (
				ECE437292631F1DC00FB2CEB /* my-test-app */,
			);
		};
/* End PBXProject section */

/* Begin PBXResourcesBuildPhase section */
		ECE437282631F1DC00FB2CEB /* Resources */ = {
			isa = PBXResourcesBuildPhase;
			buildActionMask = 2147483647;
			files = (
				ECE4373A2631F1DD00FB2CEB /* LaunchScreen.storyboard in Resources */,
				ECE437372631F1DD00FB2CEB /* Assets.xcassets in Resources */,
			);
			runOnlyForDeploymentPostprocessing = 0;
		};
/* End PBXResourcesBuildPhase section */

/* Begin PBXShellScriptBuildPhase section */
		00B6FB568C7F39CFA5477A0F /* [CP] Check Pods Manifest.lock */ = {
			isa = PBXShellScriptBuildPhase;
			buildActionMask = 2147483647;
			files = (
			);
			inputFileListPaths = (
			);
			inputPaths = (
				"${PODS_PODFILE_DIR_PATH}/Podfile.lock",
				"${PODS_ROOT}/Manifest.lock",
			);
			name = "[CP] Check Pods Manifest.lock";
			outputFileListPaths = (
			);
			outputPaths = (
				"$(DERIVED_FILE_DIR)/Pods-my-test-app-checkManifestLockResult.txt",
			);
			runOnlyForDeploymentPostprocessing = 0;
			shellPath = /bin/sh;
			shellScript = "diff \"${PODS_PODFILE_DIR_PATH}/Podfile.lock\" \"${PODS_ROOT}/Manifest.lock\" > /dev/null\nif [ $? != 0 ] ; then\n    # print error to STDERR\n    echo \"error: The sandbox is not in sync with the Podfile.lock. Run 'pod install' or update your CocoaPods installation.\" >&2\n    exit 1\nfi\n# This output is used by Xcode 'outputs' to avoid re-running this script phase.\necho \"SUCCESS\" > \"${SCRIPT_OUTPUT_FILE_0}\"\n";
			showEnvVarsInLog = 0;
		};
		5B1F84405EB212F616C80E27 /* [CP] Embed Pods Frameworks */ = {
			isa = PBXShellScriptBuildPhase;
			buildActionMask = 2147483647;
			files = (
			);
			inputFileListPaths = (
				"${PODS_ROOT}/Target Support Files/Pods-my-test-app/Pods-my-test-app-frameworks-${CONFIGURATION}-input-files.xcfilelist",
			);
			name = "[CP] Embed Pods Frameworks";
			outputFileListPaths = (
				"${PODS_ROOT}/Target Support Files/Pods-my-test-app/Pods-my-test-app-frameworks-${CONFIGURATION}-output-files.xcfilelist",
			);
			runOnlyForDeploymentPostprocessing = 0;
			shellPath = /bin/sh;
			shellScript = "\"${PODS_ROOT}/Target Support Files/Pods-my-test-app/Pods-my-test-app-frameworks.sh\"\n";
			showEnvVarsInLog = 0;
		};
/* End PBXShellScriptBuildPhase section */

/* Begin PBXSourcesBuildPhase section */
		ECE437262631F1DC00FB2CEB /* Sources */ = {
			isa = PBXSourcesBuildPhase;
			buildActionMask = 2147483647;
			files = (
				ECE437642631F6F600FB2CEB /* MainViewModel.swift in Sources */,
				ECE4375A2631F52300FB2CEB /* ViewController.swift in Sources */,
				ECE4376F2631F86D00FB2CEB /* DetailViewModel.swift in Sources */,
				ECE4374F2631F47B00FB2CEB /* Screens.swift in Sources */,
				ECE437682631F71000FB2CEB /* MainViewController.swift in Sources */,
				ECE437562631F51000FB2CEB /* ViewModel.swift in Sources */,
				ECE4372E2631F1DC00FB2CEB /* AppDelegate.swift in Sources */,
				ECE437732631F88D00FB2CEB /* DetailViewController.swift in Sources */,
			);
			runOnlyForDeploymentPostprocessing = 0;
		};
/* End PBXSourcesBuildPhase section */

/* Begin PBXVariantGroup section */
		ECE437382631F1DD00FB2CEB /* LaunchScreen.storyboard */ = {
			isa = PBXVariantGroup;
			children = (
				ECE437392631F1DD00FB2CEB /* Base */,
			);
			name = LaunchScreen.storyboard;
			sourceTree = "<group>";
		};
/* End PBXVariantGroup section */

/* Begin XCBuildConfiguration section */
		ECE4373C2631F1DD00FB2CEB /* Debug */ = {
			isa = XCBuildConfiguration;
			buildSettings = {
				ALWAYS_SEARCH_USER_PATHS = NO;
				CLANG_ANALYZER_NONNULL = YES;
				CLANG_ANALYZER_NUMBER_OBJECT_CONVERSION = YES_AGGRESSIVE;
				CLANG_CXX_LANGUAGE_STANDARD = "gnu++14";
				CLANG_CXX_LIBRARY = "libc++";
				CLANG_ENABLE_MODULES = YES;
				CLANG_ENABLE_OBJC_ARC = YES;
				CLANG_ENABLE_OBJC_WEAK = YES;
				CLANG_WARN_BLOCK_CAPTURE_AUTORELEASING = YES;
				CLANG_WARN_BOOL_CONVERSION = YES;
				CLANG_WARN_COMMA = YES;
				CLANG_WARN_CONSTANT_CONVERSION = YES;
				CLANG_WARN_DEPRECATED_OBJC_IMPLEMENTATIONS = YES;
				CLANG_WARN_DIRECT_OBJC_ISA_USAGE = YES_ERROR;
				CLANG_WARN_DOCUMENTATION_COMMENTS = YES;
				CLANG_WARN_EMPTY_BODY = YES;
				CLANG_WARN_ENUM_CONVERSION = YES;
				CLANG_WARN_INFINITE_RECURSION = YES;
				CLANG_WARN_INT_CONVERSION = YES;
				CLANG_WARN_NON_LITERAL_NULL_CONVERSION = YES;
				CLANG_WARN_OBJC_IMPLICIT_RETAIN_SELF = YES;
				CLANG_WARN_OBJC_LITERAL_CONVERSION = YES;
				CLANG_WARN_OBJC_ROOT_CLASS = YES_ERROR;
				CLANG_WARN_QUOTED_INCLUDE_IN_FRAMEWORK_HEADER = YES;
				CLANG_WARN_RANGE_LOOP_ANALYSIS = YES;
				CLANG_WARN_STRICT_PROTOTYPES = YES;
				CLANG_WARN_SUSPICIOUS_MOVE = YES;
				CLANG_WARN_UNGUARDED_AVAILABILITY = YES_AGGRESSIVE;
				CLANG_WARN_UNREACHABLE_CODE = YES;
				CLANG_WARN__DUPLICATE_METHOD_MATCH = YES;
				COPY_PHASE_STRIP = NO;
				DEBUG_INFORMATION_FORMAT = dwarf;
				ENABLE_STRICT_OBJC_MSGSEND = YES;
				ENABLE_TESTABILITY = YES;
				GCC_C_LANGUAGE_STANDARD = gnu11;
				GCC_DYNAMIC_NO_PIC = NO;
				GCC_NO_COMMON_BLOCKS = YES;
				GCC_OPTIMIZATION_LEVEL = 0;
				GCC_PREPROCESSOR_DEFINITIONS = (
					"DEBUG=1",
					"$(inherited)",
				);
				GCC_WARN_64_TO_32_BIT_CONVERSION = YES;
				GCC_WARN_ABOUT_RETURN_TYPE = YES_ERROR;
				GCC_WARN_UNDECLARED_SELECTOR = YES;
				GCC_WARN_UNINITIALIZED_AUTOS = YES_AGGRESSIVE;
				GCC_WARN_UNUSED_FUNCTION = YES;
				GCC_WARN_UNUSED_VARIABLE = YES;
				IPHONEOS_DEPLOYMENT_TARGET = 14.4;
				MTL_ENABLE_DEBUG_INFO = INCLUDE_SOURCE;
				MTL_FAST_MATH = YES;
				ONLY_ACTIVE_ARCH = YES;
				SDKROOT = iphoneos;
				SWIFT_ACTIVE_COMPILATION_CONDITIONS = DEBUG;
				SWIFT_OPTIMIZATION_LEVEL = "-Onone";
			};
			name = Debug;
		};
		ECE4373D2631F1DD00FB2CEB /* Release */ = {
			isa = XCBuildConfiguration;
			buildSettings = {
				ALWAYS_SEARCH_USER_PATHS = NO;
				CLANG_ANALYZER_NONNULL = YES;
				CLANG_ANALYZER_NUMBER_OBJECT_CONVERSION = YES_AGGRESSIVE;
				CLANG_CXX_LANGUAGE_STANDARD = "gnu++14";
				CLANG_CXX_LIBRARY = "libc++";
				CLANG_ENABLE_MODULES = YES;
				CLANG_ENABLE_OBJC_ARC = YES;
				CLANG_ENABLE_OBJC_WEAK = YES;
				CLANG_WARN_BLOCK_CAPTURE_AUTORELEASING = YES;
				CLANG_WARN_BOOL_CONVERSION = YES;
				CLANG_WARN_COMMA = YES;
				CLANG_WARN_CONSTANT_CONVERSION = YES;
				CLANG_WARN_DEPRECATED_OBJC_IMPLEMENTATIONS = YES;
				CLANG_WARN_DIRECT_OBJC_ISA_USAGE = YES_ERROR;
				CLANG_WARN_DOCUMENTATION_COMMENTS = YES;
				CLANG_WARN_EMPTY_BODY = YES;
				CLANG_WARN_ENUM_CONVERSION = YES;
				CLANG_WARN_INFINITE_RECURSION = YES;
				CLANG_WARN_INT_CONVERSION = YES;
				CLANG_WARN_NON_LITERAL_NULL_CONVERSION = YES;
				CLANG_WARN_OBJC_IMPLICIT_RETAIN_SELF = YES;
				CLANG_WARN_OBJC_LITERAL_CONVERSION = YES;
				CLANG_WARN_OBJC_ROOT_CLASS = YES_ERROR;
				CLANG_WARN_QUOTED_INCLUDE_IN_FRAMEWORK_HEADER = YES;
				CLANG_WARN_RANGE_LOOP_ANALYSIS = YES;
				CLANG_WARN_STRICT_PROTOTYPES = YES;
				CLANG_WARN_SUSPICIOUS_MOVE = YES;
				CLANG_WARN_UNGUARDED_AVAILABILITY = YES_AGGRESSIVE;
				CLANG_WARN_UNREACHABLE_CODE = YES;
				CLANG_WARN__DUPLICATE_METHOD_MATCH = YES;
				COPY_PHASE_STRIP = NO;
				DEBUG_INFORMATION_FORMAT = "dwarf-with-dsym";
				ENABLE_NS_ASSERTIONS = NO;
				ENABLE_STRICT_OBJC_MSGSEND = YES;
				GCC_C_LANGUAGE_STANDARD = gnu11;
				GCC_NO_COMMON_BLOCKS = YES;
				GCC_WARN_64_TO_32_BIT_CONVERSION = YES;
				GCC_WARN_ABOUT_RETURN_TYPE = YES_ERROR;
				GCC_WARN_UNDECLARED_SELECTOR = YES;
				GCC_WARN_UNINITIALIZED_AUTOS = YES_AGGRESSIVE;
				GCC_WARN_UNUSED_FUNCTION = YES;
				GCC_WARN_UNUSED_VARIABLE = YES;
				IPHONEOS_DEPLOYMENT_TARGET = 14.4;
				MTL_ENABLE_DEBUG_INFO = NO;
				MTL_FAST_MATH = YES;
				SDKROOT = iphoneos;
				SWIFT_COMPILATION_MODE = wholemodule;
				SWIFT_OPTIMIZATION_LEVEL = "-O";
				VALIDATE_PRODUCT = YES;
			};
			name = Release;
		};
		ECE4373F2631F1DD00FB2CEB /* Debug */ = {
			isa = XCBuildConfiguration;
			baseConfigurationReference = A24780D7A258AD78783736AC /* Pods-my-test-app.debug.xcconfig */;
			buildSettings = {
				ASSETCATALOG_COMPILER_APPICON_NAME = AppIcon;
				ASSETCATALOG_COMPILER_GLOBAL_ACCENT_COLOR_NAME = AccentColor;
				CODE_SIGN_STYLE = Automatic;
				INFOPLIST_FILE = "my-test-app/Resource/Info.plist";
				IPHONEOS_DEPLOYMENT_TARGET = 12.1;
				LD_RUNPATH_SEARCH_PATHS = (
					"$(inherited)",
					"@executable_path/Frameworks",
				);
				PRODUCT_BUNDLE_IDENTIFIER = "varadenys.my-test-app";
				PRODUCT_NAME = "$(TARGET_NAME)";
				SWIFT_VERSION = 5.0;
				TARGETED_DEVICE_FAMILY = 1;
			};
			name = Debug;
		};
		ECE437402631F1DD00FB2CEB /* Release */ = {
			isa = XCBuildConfiguration;
			baseConfigurationReference = 37AA0EF9F3861310930BEE6A /* Pods-my-test-app.release.xcconfig */;
			buildSettings = {
				ASSETCATALOG_COMPILER_APPICON_NAME = AppIcon;
				ASSETCATALOG_COMPILER_GLOBAL_ACCENT_COLOR_NAME = AccentColor;
				CODE_SIGN_STYLE = Automatic;
				INFOPLIST_FILE = "my-test-app/Resource/Info.plist";
				IPHONEOS_DEPLOYMENT_TARGET = 12.1;
				LD_RUNPATH_SEARCH_PATHS = (
					"$(inherited)",
					"@executable_path/Frameworks",
				);
				PRODUCT_BUNDLE_IDENTIFIER = "varadenys.my-test-app";
				PRODUCT_NAME = "$(TARGET_NAME)";
				SWIFT_VERSION = 5.0;
				TARGETED_DEVICE_FAMILY = 1;
			};
			name = Release;
		};
/* End XCBuildConfiguration section */

/* Begin XCConfigurationList section */
		ECE437252631F1DC00FB2CEB /* Build configuration list for PBXProject "my-test-app" */ = {
			isa = XCConfigurationList;
			buildConfigurations = (
				ECE4373C2631F1DD00FB2CEB /* Debug */,
				ECE4373D2631F1DD00FB2CEB /* Release */,
			);
			defaultConfigurationIsVisible = 0;
			defaultConfigurationName = Release;
		};
		ECE4373E2631F1DD00FB2CEB /* Build configuration list for PBXNativeTarget "my-test-app" */ = {
			isa = XCConfigurationList;
			buildConfigurations = (
				ECE4373F2631F1DD00FB2CEB /* Debug */,
				ECE437402631F1DD00FB2CEB /* Release */,
			);
			defaultConfigurationIsVisible = 0;
			defaultConfigurationName = Release;
		};
/* End XCConfigurationList section */
	};
	rootObject = ECE437222631F1DC00FB2CEB /* Project object */;
}
